
Microsoft Visual Studio Solution File, Format Version 12.00
# Visual Studio Version 17
VisualStudioVersion = 17.0.32126.317
MinimumVisualStudioVersion = 10.0.40219.1
Project("{FAE04EC0-301F-11D3-BF4B-00C04F79EFBC}") = "AbstractFactory", "AbstractFactory.csproj", "{0BF9CDAA-A409-4917-90CF-C9556DAA9718}"
EndProject
Global
	GlobalSection(SolutionConfigurationPlatforms) = preSolution
		Debug|Any CPU = Debug|Any CPU
		Release|Any CPU = Release|Any CPU
	EndGlobalSection
	GlobalSection(ProjectConfigurationPlatforms) = postSolution
		{0BF9CDAA-A409-4917-90CF-C9556DAA9718}.Debug|Any CPU.ActiveCfg = Debug|Any CPU
		{0BF9CDAA-A409-4917-90CF-C9556DAA9718}.Debug|Any CPU.Build.0 = Debug|Any CPU
		{0BF9CDAA-A409-4917-90CF-C9556DAA9718}.Release|Any CPU.ActiveCfg = Release|Any CPU
		{0BF9CDAA-A409-4917-90CF-C9556DAA9718}.Release|Any CPU.Build.0 = Release|Any CPU
	EndGlobalSection
	GlobalSection(SolutionProperties) = preSolution
		HideSolutionNode = FALSE
	EndGlobalSection
	GlobalSection(ExtensibilityGlobals) = postSolution
		SolutionGuid = {DCEDE2ED-1D8B-427A-9A16-A24D07AD36CA}
	EndGlobalSection
EndGlobal
